
Microsoft Visual Studio Solution File, Format Version 12.00
# Visual Studio Version 17
VisualStudioVersion = 17.0.31903.59
MinimumVisualStudioVersion = 10.0.40219.1
Project("{FAE04EC0-301F-11D3-BF4B-00C04F79EFBC}") = "2_tiers", "2_tiers\2_tiers.csproj", "{C3B35B59-9705-4354-828B-BCDEF73C9E7F}"
EndProject
Global
	GlobalSection(SolutionConfigurationPlatforms) = preSolution
		Debug|Any CPU = Debug|Any CPU
		Release|Any CPU = Release|Any CPU
	EndGlobalSection
	GlobalSection(ProjectConfigurationPlatforms) = postSolution
		{C3B35B59-9705-4354-828B-BCDEF73C9E7F}.Debug|Any CPU.ActiveCfg = Debug|Any CPU
		{C3B35B59-9705-4354-828B-BCDEF73C9E7F}.Debug|Any CPU.Build.0 = Debug|Any CPU
		{C3B35B59-9705-4354-828B-BCDEF73C9E7F}.Release|Any CPU.ActiveCfg = Release|Any CPU
		{C3B35B59-9705-4354-828B-BCDEF73C9E7F}.Release|Any CPU.Build.0 = Release|Any CPU
	EndGlobalSection
	GlobalSection(SolutionProperties) = preSolution
		HideSolutionNode = FALSE
	EndGlobalSection
	GlobalSection(ExtensibilityGlobals) = postSolution
		SolutionGuid = {339544AB-A6EA-4192-A8C9-9085B2A6215D}
	EndGlobalSection
EndGlobal
