
Microsoft Visual Studio Solution File, Format Version 12.00
# Visual Studio Version 17
VisualStudioVersion = 17.0.31903.59
MinimumVisualStudioVersion = 10.0.40219.1
Project("{FAE04EC0-301F-11D3-BF4B-00C04F79EFBC}") = "CuoiKy", "CuoiKy\CuoiKy.csproj", "{E4616FAF-2353-45AF-A261-C812FF8B7A37}"
EndProject
Global
	GlobalSection(SolutionConfigurationPlatforms) = preSolution
		Debug|Any CPU = Debug|Any CPU
		Release|Any CPU = Release|Any CPU
	EndGlobalSection
	GlobalSection(ProjectConfigurationPlatforms) = postSolution
		{E4616FAF-2353-45AF-A261-C812FF8B7A37}.Debug|Any CPU.ActiveCfg = Debug|Any CPU
		{E4616FAF-2353-45AF-A261-C812FF8B7A37}.Debug|Any CPU.Build.0 = Debug|Any CPU
		{E4616FAF-2353-45AF-A261-C812FF8B7A37}.Release|Any CPU.ActiveCfg = Release|Any CPU
		{E4616FAF-2353-45AF-A261-C812FF8B7A37}.Release|Any CPU.Build.0 = Release|Any CPU
	EndGlobalSection
	GlobalSection(SolutionProperties) = preSolution
		HideSolutionNode = FALSE
	EndGlobalSection
	GlobalSection(ExtensibilityGlobals) = postSolution
		SolutionGuid = {3FC21EDF-3304-4753-ABF5-D88D087AC263}
	EndGlobalSection
EndGlobal
